
Microsoft Visual Studio Solution File, Format Version 12.00
# Visual Studio 15
VisualStudioVersion = 15.0.28307.329
MinimumVisualStudioVersion = 10.0.40219.1
Project("{FAE04EC0-301F-11D3-BF4B-00C04F79EFBC}") = "Weather.Android", "Weather\Weather.Android\Weather.Android.csproj", "{700F3C71-2BF5-4A72-94D4-52ABEC54BDBF}"
EndProject
Project("{FAE04EC0-301F-11D3-BF4B-00C04F79EFBC}") = "Weather.iOS", "Weather\Weather.iOS\Weather.iOS.csproj", "{547A1EA0-6BA7-4BE1-B2D3-90FBEBA07524}"
EndProject
Project("{FAE04EC0-301F-11D3-BF4B-00C04F79EFBC}") = "Weather.UWP", "Weather\Weather.UWP\Weather.UWP.csproj", "{68FA1326-C9CF-454E-8AA3-DB2AE5E96FDA}"
EndProject
Project("{FAE04EC0-301F-11D3-BF4B-00C04F79EFBC}") = "Weather", "Weather\Weather\Weather.csproj", "{E069B6C8-BB78-4BBA-A251-0C7F50BD6093}"
EndProject
Global
	GlobalSection(SolutionConfigurationPlatforms) = preSolution
		Debug|Any CPU = Debug|Any CPU
		Debug|ARM = Debug|ARM
		Debug|iPhone = Debug|iPhone
		Debug|iPhoneSimulator = Debug|iPhoneSimulator
		Debug|x64 = Debug|x64
		Debug|x86 = Debug|x86
		Release|Any CPU = Release|Any CPU
		Release|ARM = Release|ARM
		Release|iPhone = Release|iPhone
		Release|iPhoneSimulator = Release|iPhoneSimulator
		Release|x64 = Release|x64
		Release|x86 = Release|x86
	EndGlobalSection
	GlobalSection(ProjectConfigurationPlatforms) = postSolution
		{700F3C71-2BF5-4A72-94D4-52ABEC54BDBF}.Debug|Any CPU.ActiveCfg = Debug|Any CPU
		{700F3C71-2BF5-4A72-94D4-52ABEC54BDBF}.Debug|Any CPU.Build.0 = Debug|Any CPU
		{700F3C71-2BF5-4A72-94D4-52ABEC54BDBF}.Debug|Any CPU.Deploy.0 = Debug|Any CPU
		{700F3C71-2BF5-4A72-94D4-52ABEC54BDBF}.Debug|ARM.ActiveCfg = Debug|Any CPU
		{700F3C71-2BF5-4A72-94D4-52ABEC54BDBF}.Debug|ARM.Build.0 = Debug|Any CPU
		{700F3C71-2BF5-4A72-94D4-52ABEC54BDBF}.Debug|ARM.Deploy.0 = Debug|Any CPU
		{700F3C71-2BF5-4A72-94D4-52ABEC54BDBF}.Debug|iPhone.ActiveCfg = Debug|Any CPU
		{700F3C71-2BF5-4A72-94D4-52ABEC54BDBF}.Debug|iPhone.Build.0 = Debug|Any CPU
		{700F3C71-2BF5-4A72-94D4-52ABEC54BDBF}.Debug|iPhone.Deploy.0 = Debug|Any CPU
		{700F3C71-2BF5-4A72-94D4-52ABEC54BDBF}.Debug|iPhoneSimulator.ActiveCfg = Debug|Any CPU
		{700F3C71-2BF5-4A72-94D4-52ABEC54BDBF}.Debug|iPhoneSimulator.Build.0 = Debug|Any CPU
		{700F3C71-2BF5-4A72-94D4-52ABEC54BDBF}.Debug|iPhoneSimulator.Deploy.0 = Debug|Any CPU
		{700F3C71-2BF5-4A72-94D4-52ABEC54BDBF}.Debug|x64.ActiveCfg = Debug|Any CPU
		{700F3C71-2BF5-4A72-94D4-52ABEC54BDBF}.Debug|x64.Build.0 = Debug|Any CPU
		{700F3C71-2BF5-4A72-94D4-52ABEC54BDBF}.Debug|x64.Deploy.0 = Debug|Any CPU
		{700F3C71-2BF5-4A72-94D4-52ABEC54BDBF}.Debug|x86.ActiveCfg = Debug|Any CPU
		{700F3C71-2BF5-4A72-94D4-52ABEC54BDBF}.Debug|x86.Build.0 = Debug|Any CPU
		{700F3C71-2BF5-4A72-94D4-52ABEC54BDBF}.Debug|x86.Deploy.0 = Debug|Any CPU
		{700F3C71-2BF5-4A72-94D4-52ABEC54BDBF}.Release|Any CPU.ActiveCfg = Release|Any CPU
		{700F3C71-2BF5-4A72-94D4-52ABEC54BDBF}.Release|Any CPU.Build.0 = Release|Any CPU
		{700F3C71-2BF5-4A72-94D4-52ABEC54BDBF}.Release|Any CPU.Deploy.0 = Release|Any CPU
		{700F3C71-2BF5-4A72-94D4-52ABEC54BDBF}.Release|ARM.ActiveCfg = Release|Any CPU
		{700F3C71-2BF5-4A72-94D4-52ABEC54BDBF}.Release|ARM.Build.0 = Release|Any CPU
		{700F3C71-2BF5-4A72-94D4-52ABEC54BDBF}.Release|ARM.Deploy.0 = Release|Any CPU
		{700F3C71-2BF5-4A72-94D4-52ABEC54BDBF}.Release|iPhone.ActiveCfg = Release|Any CPU
		{700F3C71-2BF5-4A72-94D4-52ABEC54BDBF}.Release|iPhone.Build.0 = Release|Any CPU
		{700F3C71-2BF5-4A72-94D4-52ABEC54BDBF}.Release|iPhone.Deploy.0 = Release|Any CPU
		{700F3C71-2BF5-4A72-94D4-52ABEC54BDBF}.Release|iPhoneSimulator.ActiveCfg = Release|Any CPU
		{700F3C71-2BF5-4A72-94D4-52ABEC54BDBF}.Release|iPhoneSimulator.Build.0 = Release|Any CPU
		{700F3C71-2BF5-4A72-94D4-52ABEC54BDBF}.Release|iPhoneSimulator.Deploy.0 = Release|Any CPU
		{700F3C71-2BF5-4A72-94D4-52ABEC54BDBF}.Release|x64.ActiveCfg = Release|Any CPU
		{700F3C71-2BF5-4A72-94D4-52ABEC54BDBF}.Release|x64.Build.0 = Release|Any CPU
		{700F3C71-2BF5-4A72-94D4-52ABEC54BDBF}.Release|x64.Deploy.0 = Release|Any CPU
		{700F3C71-2BF5-4A72-94D4-52ABEC54BDBF}.Release|x86.ActiveCfg = Release|Any CPU
		{700F3C71-2BF5-4A72-94D4-52ABEC54BDBF}.Release|x86.Build.0 = Release|Any CPU
		{700F3C71-2BF5-4A72-94D4-52ABEC54BDBF}.Release|x86.Deploy.0 = Release|Any CPU
		{547A1EA0-6BA7-4BE1-B2D3-90FBEBA07524}.Debug|Any CPU.ActiveCfg = Debug|iPhoneSimulator
		{547A1EA0-6BA7-4BE1-B2D3-90FBEBA07524}.Debug|Any CPU.Build.0 = Debug|iPhoneSimulator
		{547A1EA0-6BA7-4BE1-B2D3-90FBEBA07524}.Debug|Any CPU.Deploy.0 = Debug|iPhoneSimulator
		{547A1EA0-6BA7-4BE1-B2D3-90FBEBA07524}.Debug|ARM.ActiveCfg = Debug|iPhone
		{547A1EA0-6BA7-4BE1-B2D3-90FBEBA07524}.Debug|ARM.Build.0 = Debug|iPhone
		{547A1EA0-6BA7-4BE1-B2D3-90FBEBA07524}.Debug|ARM.Deploy.0 = Debug|iPhone
		{547A1EA0-6BA7-4BE1-B2D3-90FBEBA07524}.Debug|iPhone.ActiveCfg = Debug|iPhone
		{547A1EA0-6BA7-4BE1-B2D3-90FBEBA07524}.Debug|iPhone.Build.0 = Debug|iPhone
		{547A1EA0-6BA7-4BE1-B2D3-90FBEBA07524}.Debug|iPhone.Deploy.0 = Debug|iPhone
		{547A1EA0-6BA7-4BE1-B2D3-90FBEBA07524}.Debug|iPhoneSimulator.ActiveCfg = Debug|iPhoneSimulator
		{547A1EA0-6BA7-4BE1-B2D3-90FBEBA07524}.Debug|iPhoneSimulator.Build.0 = Debug|iPhoneSimulator
		{547A1EA0-6BA7-4BE1-B2D3-90FBEBA07524}.Debug|iPhoneSimulator.Deploy.0 = Debug|iPhoneSimulator
		{547A1EA0-6BA7-4BE1-B2D3-90FBEBA07524}.Debug|x64.ActiveCfg = Debug|iPhone
		{547A1EA0-6BA7-4BE1-B2D3-90FBEBA07524}.Debug|x64.Build.0 = Debug|iPhone
		{547A1EA0-6BA7-4BE1-B2D3-90FBEBA07524}.Debug|x64.Deploy.0 = Debug|iPhone
		{547A1EA0-6BA7-4BE1-B2D3-90FBEBA07524}.Debug|x86.ActiveCfg = Debug|iPhone
		{547A1EA0-6BA7-4BE1-B2D3-90FBEBA07524}.Debug|x86.Build.0 = Debug|iPhone
		{547A1EA0-6BA7-4BE1-B2D3-90FBEBA07524}.Debug|x86.Deploy.0 = Debug|iPhone
		{547A1EA0-6BA7-4BE1-B2D3-90FBEBA07524}.Release|Any CPU.ActiveCfg = Release|iPhone
		{547A1EA0-6BA7-4BE1-B2D3-90FBEBA07524}.Release|Any CPU.Build.0 = Release|iPhone
		{547A1EA0-6BA7-4BE1-B2D3-90FBEBA07524}.Release|Any CPU.Deploy.0 = Release|iPhone
		{547A1EA0-6BA7-4BE1-B2D3-90FBEBA07524}.Release|ARM.ActiveCfg = Release|iPhone
		{547A1EA0-6BA7-4BE1-B2D3-90FBEBA07524}.Release|ARM.Build.0 = Release|iPhone
		{547A1EA0-6BA7-4BE1-B2D3-90FBEBA07524}.Release|ARM.Deploy.0 = Release|iPhone
		{547A1EA0-6BA7-4BE1-B2D3-90FBEBA07524}.Release|iPhone.ActiveCfg = Release|iPhone
		{547A1EA0-6BA7-4BE1-B2D3-90FBEBA07524}.Release|iPhone.Build.0 = Release|iPhone
		{547A1EA0-6BA7-4BE1-B2D3-90FBEBA07524}.Release|iPhone.Deploy.0 = Release|iPhone
		{547A1EA0-6BA7-4BE1-B2D3-90FBEBA07524}.Release|iPhoneSimulator.ActiveCfg = Release|iPhoneSimulator
		{547A1EA0-6BA7-4BE1-B2D3-90FBEBA07524}.Release|iPhoneSimulator.Build.0 = Release|iPhoneSimulator
		{547A1EA0-6BA7-4BE1-B2D3-90FBEBA07524}.Release|iPhoneSimulator.Deploy.0 = Release|iPhoneSimulator
		{547A1EA0-6BA7-4BE1-B2D3-90FBEBA07524}.Release|x64.ActiveCfg = Release|iPhone
		{547A1EA0-6BA7-4BE1-B2D3-90FBEBA07524}.Release|x64.Build.0 = Release|iPhone
		{547A1EA0-6BA7-4BE1-B2D3-90FBEBA07524}.Release|x64.Deploy.0 = Release|iPhone
		{547A1EA0-6BA7-4BE1-B2D3-90FBEBA07524}.Release|x86.ActiveCfg = Release|iPhone
		{547A1EA0-6BA7-4BE1-B2D3-90FBEBA07524}.Release|x86.Build.0 = Release|iPhone
		{547A1EA0-6BA7-4BE1-B2D3-90FBEBA07524}.Release|x86.Deploy.0 = Release|iPhone
		{68FA1326-C9CF-454E-8AA3-DB2AE5E96FDA}.Debug|Any CPU.ActiveCfg = Debug|x86
		{68FA1326-C9CF-454E-8AA3-DB2AE5E96FDA}.Debug|Any CPU.Build.0 = Debug|x86
		{68FA1326-C9CF-454E-8AA3-DB2AE5E96FDA}.Debug|Any CPU.Deploy.0 = Debug|x86
		{68FA1326-C9CF-454E-8AA3-DB2AE5E96FDA}.Debug|ARM.ActiveCfg = Debug|ARM
		{68FA1326-C9CF-454E-8AA3-DB2AE5E96FDA}.Debug|ARM.Build.0 = Debug|ARM
		{68FA1326-C9CF-454E-8AA3-DB2AE5E96FDA}.Debug|ARM.Deploy.0 = Debug|ARM
		{68FA1326-C9CF-454E-8AA3-DB2AE5E96FDA}.Debug|iPhone.ActiveCfg = Debug|x86
		{68FA1326-C9CF-454E-8AA3-DB2AE5E96FDA}.Debug|iPhone.Build.0 = Debug|x86
		{68FA1326-C9CF-454E-8AA3-DB2AE5E96FDA}.Debug|iPhone.Deploy.0 = Debug|x86
		{68FA1326-C9CF-454E-8AA3-DB2AE5E96FDA}.Debug|iPhoneSimulator.ActiveCfg = Debug|x86
		{68FA1326-C9CF-454E-8AA3-DB2AE5E96FDA}.Debug|iPhoneSimulator.Build.0 = Debug|x86
		{68FA1326-C9CF-454E-8AA3-DB2AE5E96FDA}.Debug|iPhoneSimulator.Deploy.0 = Debug|x86
		{68FA1326-C9CF-454E-8AA3-DB2AE5E96FDA}.Debug|x64.ActiveCfg = Debug|x64
		{68FA1326-C9CF-454E-8AA3-DB2AE5E96FDA}.Debug|x64.Build.0 = Debug|x64
		{68FA1326-C9CF-454E-8AA3-DB2AE5E96FDA}.Debug|x64.Deploy.0 = Debug|x64
		{68FA1326-C9CF-454E-8AA3-DB2AE5E96FDA}.Debug|x86.ActiveCfg = Debug|x86
		{68FA1326-C9CF-454E-8AA3-DB2AE5E96FDA}.Debug|x86.Build.0 = Debug|x86
		{68FA1326-C9CF-454E-8AA3-DB2AE5E96FDA}.Debug|x86.Deploy.0 = Debug|x86
		{68FA1326-C9CF-454E-8AA3-DB2AE5E96FDA}.Release|Any CPU.ActiveCfg = Release|x86
		{68FA1326-C9CF-454E-8AA3-DB2AE5E96FDA}.Release|Any CPU.Build.0 = Release|x86
		{68FA1326-C9CF-454E-8AA3-DB2AE5E96FDA}.Release|Any CPU.Deploy.0 = Release|x86
		{68FA1326-C9CF-454E-8AA3-DB2AE5E96FDA}.Release|ARM.ActiveCfg = Release|ARM
		{68FA1326-C9CF-454E-8AA3-DB2AE5E96FDA}.Release|ARM.Build.0 = Release|ARM
		{68FA1326-C9CF-454E-8AA3-DB2AE5E96FDA}.Release|ARM.Deploy.0 = Release|ARM
		{68FA1326-C9CF-454E-8AA3-DB2AE5E96FDA}.Release|iPhone.ActiveCfg = Release|x86
		{68FA1326-C9CF-454E-8AA3-DB2AE5E96FDA}.Release|iPhone.Build.0 = Release|x86
		{68FA1326-C9CF-454E-8AA3-DB2AE5E96FDA}.Release|iPhone.Deploy.0 = Release|x86
		{68FA1326-C9CF-454E-8AA3-DB2AE5E96FDA}.Release|iPhoneSimulator.ActiveCfg = Release|x86
		{68FA1326-C9CF-454E-8AA3-DB2AE5E96FDA}.Release|iPhoneSimulator.Build.0 = Release|x86
		{68FA1326-C9CF-454E-8AA3-DB2AE5E96FDA}.Release|iPhoneSimulator.Deploy.0 = Release|x86
		{68FA1326-C9CF-454E-8AA3-DB2AE5E96FDA}.Release|x64.ActiveCfg = Release|x64
		{68FA1326-C9CF-454E-8AA3-DB2AE5E96FDA}.Release|x64.Build.0 = Release|x64
		{68FA1326-C9CF-454E-8AA3-DB2AE5E96FDA}.Release|x64.Deploy.0 = Release|x64
		{68FA1326-C9CF-454E-8AA3-DB2AE5E96FDA}.Release|x86.ActiveCfg = Release|x86
		{68FA1326-C9CF-454E-8AA3-DB2AE5E96FDA}.Release|x86.Build.0 = Release|x86
		{68FA1326-C9CF-454E-8AA3-DB2AE5E96FDA}.Release|x86.Deploy.0 = Release|x86
		{E069B6C8-BB78-4BBA-A251-0C7F50BD6093}.Debug|Any CPU.ActiveCfg = Debug|Any CPU
		{E069B6C8-BB78-4BBA-A251-0C7F50BD6093}.Debug|Any CPU.Build.0 = Debug|Any CPU
		{E069B6C8-BB78-4BBA-A251-0C7F50BD6093}.Debug|Any CPU.Deploy.0 = Debug|Any CPU
		{E069B6C8-BB78-4BBA-A251-0C7F50BD6093}.Debug|ARM.ActiveCfg = Debug|Any CPU
		{E069B6C8-BB78-4BBA-A251-0C7F50BD6093}.Debug|ARM.Build.0 = Debug|Any CPU
		{E069B6C8-BB78-4BBA-A251-0C7F50BD6093}.Debug|ARM.Deploy.0 = Debug|Any CPU
		{E069B6C8-BB78-4BBA-A251-0C7F50BD6093}.Debug|iPhone.ActiveCfg = Debug|Any CPU
		{E069B6C8-BB78-4BBA-A251-0C7F50BD6093}.Debug|iPhone.Build.0 = Debug|Any CPU
		{E069B6C8-BB78-4BBA-A251-0C7F50BD6093}.Debug|iPhone.Deploy.0 = Debug|Any CPU
		{E069B6C8-BB78-4BBA-A251-0C7F50BD6093}.Debug|iPhoneSimulator.ActiveCfg = Debug|Any CPU
		{E069B6C8-BB78-4BBA-A251-0C7F50BD6093}.Debug|iPhoneSimulator.Build.0 = Debug|Any CPU
		{E069B6C8-BB78-4BBA-A251-0C7F50BD6093}.Debug|iPhoneSimulator.Deploy.0 = Debug|Any CPU
		{E069B6C8-BB78-4BBA-A251-0C7F50BD6093}.Debug|x64.ActiveCfg = Debug|Any CPU
		{E069B6C8-BB78-4BBA-A251-0C7F50BD6093}.Debug|x64.Build.0 = Debug|Any CPU
		{E069B6C8-BB78-4BBA-A251-0C7F50BD6093}.Debug|x64.Deploy.0 = Debug|Any CPU
		{E069B6C8-BB78-4BBA-A251-0C7F50BD6093}.Debug|x86.ActiveCfg = Debug|Any CPU
		{E069B6C8-BB78-4BBA-A251-0C7F50BD6093}.Debug|x86.Build.0 = Debug|Any CPU
		{E069B6C8-BB78-4BBA-A251-0C7F50BD6093}.Debug|x86.Deploy.0 = Debug|Any CPU
		{E069B6C8-BB78-4BBA-A251-0C7F50BD6093}.Release|Any CPU.ActiveCfg = Release|Any CPU
		{E069B6C8-BB78-4BBA-A251-0C7F50BD6093}.Release|Any CPU.Build.0 = Release|Any CPU
		{E069B6C8-BB78-4BBA-A251-0C7F50BD6093}.Release|Any CPU.Deploy.0 = Release|Any CPU
		{E069B6C8-BB78-4BBA-A251-0C7F50BD6093}.Release|ARM.ActiveCfg = Release|Any CPU
		{E069B6C8-BB78-4BBA-A251-0C7F50BD6093}.Release|ARM.Build.0 = Release|Any CPU
		{E069B6C8-BB78-4BBA-A251-0C7F50BD6093}.Release|ARM.Deploy.0 = Release|Any CPU
		{E069B6C8-BB78-4BBA-A251-0C7F50BD6093}.Release|iPhone.ActiveCfg = Release|Any CPU
		{E069B6C8-BB78-4BBA-A251-0C7F50BD6093}.Release|iPhone.Build.0 = Release|Any CPU
		{E069B6C8-BB78-4BBA-A251-0C7F50BD6093}.Release|iPhone.Deploy.0 = Release|Any CPU
		{E069B6C8-BB78-4BBA-A251-0C7F50BD6093}.Release|iPhoneSimulator.ActiveCfg = Release|Any CPU
		{E069B6C8-BB78-4BBA-A251-0C7F50BD6093}.Release|iPhoneSimulator.Build.0 = Release|Any CPU
		{E069B6C8-BB78-4BBA-A251-0C7F50BD6093}.Release|iPhoneSimulator.Deploy.0 = Release|Any CPU
		{E069B6C8-BB78-4BBA-A251-0C7F50BD6093}.Release|x64.ActiveCfg = Release|Any CPU
		{E069B6C8-BB78-4BBA-A251-0C7F50BD6093}.Release|x64.Build.0 = Release|Any CPU
		{E069B6C8-BB78-4BBA-A251-0C7F50BD6093}.Release|x64.Deploy.0 = Release|Any CPU
		{E069B6C8-BB78-4BBA-A251-0C7F50BD6093}.Release|x86.ActiveCfg = Release|Any CPU
		{E069B6C8-BB78-4BBA-A251-0C7F50BD6093}.Release|x86.Build.0 = Release|Any CPU
		{E069B6C8-BB78-4BBA-A251-0C7F50BD6093}.Release|x86.Deploy.0 = Release|Any CPU
	EndGlobalSection
	GlobalSection(SolutionProperties) = preSolution
		HideSolutionNode = FALSE
	EndGlobalSection
	GlobalSection(ExtensibilityGlobals) = postSolution
		SolutionGuid = {6953E292-1811-4EA2-B6C5-903DF0C566CF}
	EndGlobalSection
EndGlobal
